# This file is autogenerated, do not edit; changes may be undone by the next 'dep ensure'.


[[projects]]
  branch = "master"
  digest = "1:fdbd4f7875d4dd7aa7cf4081cfa7f03d4e79b165823e70209843a73928b0589c"
  name = "github.com/Al2Klimov/go-gen-source-repos"
  packages = ["."]
  pruneopts = "UT"
  revision = "6d51d947ed0c66ae27c3eb5dcfbca5a2145818af"

[[projects]]
  digest = "1:2367486b6f735ef32e09d8bd8394167b6944aaef91a36788801ce460ff4051d8"
  name = "github.com/Al2Klimov/go-monplug-utils"
  packages = ["."]
  pruneopts = "UT"
  revision = "dbdf4280de62bb853ccf30eb8c1304cc10b97a22"
  version = "v0.1"

[[projects]]
  branch = "master"
  digest = "1:38f553aff0273ad6f367cb0a0f8b6eecbaef8dc6cb8b50e57b6a81c1d5b1e332"
  name = "golang.org/x/crypto"
  packages = ["ssh/terminal"]
  pruneopts = "UT"
  revision = "ff983b9c42bc9fbf91556e191cc8efb585c16908"

[[projects]]
  branch = "master"
  digest = "1:191cccd950a4aeadb60306062f2bdc2f924d750d0156ec6c691b17211bfd7349"
  name = "golang.org/x/sys"
  packages = [
    "unix",
    "windows",
  ]
  pruneopts = "UT"
  revision = "82a175fd1598e8a172e58ebdf5ed262bb29129e5"

[solve-meta]
  analyzer-name = "dep"
  analyzer-version = 1
  input-imports = [
    "github.com/Al2Klimov/go-gen-source-repos",
    "github.com/Al2Klimov/go-monplug-utils",
  ]
  solver-name = "gps-cdcl"
  solver-version = 1
